
Microsoft Visual Studio Solution File, Format Version 12.00
Project("{FAE04EC0-301F-11D3-BF4B-00C04F79EFBC}") = "entrypoint", "entrypoint\entrypoint.csproj", "{7C803954-EE37-4F32-8EE5-BF1805F13018}"
EndProject
Global
	GlobalSection(SolutionConfigurationPlatforms) = preSolution
		Debug|Any CPU = Debug|Any CPU
		Release|Any CPU = Release|Any CPU
	EndGlobalSection
	GlobalSection(ProjectConfigurationPlatforms) = postSolution
		{7C803954-EE37-4F32-8EE5-BF1805F13018}.Debug|Any CPU.ActiveCfg = Debug|Any CPU
		{7C803954-EE37-4F32-8EE5-BF1805F13018}.Debug|Any CPU.Build.0 = Debug|Any CPU
		{7C803954-EE37-4F32-8EE5-BF1805F13018}.Release|Any CPU.ActiveCfg = Release|Any CPU
		{7C803954-EE37-4F32-8EE5-BF1805F13018}.Release|Any CPU.Build.0 = Release|Any CPU
	EndGlobalSection
EndGlobal
